# THIS IS AN AUTOGENERATED FILE. DO NOT EDIT THIS FILE DIRECTLY.
# yarn lockfile v1


next-redux-wrapper@^8.1.0:
  version "8.1.0"
  resolved "https://registry.yarnpkg.com/next-redux-wrapper/-/next-redux-wrapper-8.1.0.tgz#d9c135f1ceeb2478375bdacd356eb9db273d3a07"
  integrity sha512-2hIau0hcI6uQszOtrvAFqgc0NkZegKYhBB7ZAKiG3jk7zfuQb4E7OV9jfxViqqojh3SEHdnFfPkN9KErttUKuw==
